// !$*UTF8*$!
{
	archiveVersion = 1;
	classes = {
	};
	objectVersion = 50;
	objects = {

/* Begin PBXBuildFile section */
		00F3EC2525070D81004A449B /* AppDelegate.swift in Sources */ = {isa = PBXBuildFile; fileRef = 00F3EC2425070D81004A449B /* AppDelegate.swift */; };
		00F3EC2725070D81004A449B /* SceneDelegate.swift in Sources */ = {isa = PBXBuildFile; fileRef = 00F3EC2625070D81004A449B /* SceneDelegate.swift */; };
		00F3EC2925070D81004A449B /* ContentView.swift in Sources */ = {isa = PBXBuildFile; fileRef = 00F3EC2825070D81004A449B /* ContentView.swift */; };
		00F3EC2B25070D83004A449B /* Assets.xcassets in Resources */ = {isa = PBXBuildFile; fileRef = 00F3EC2A25070D83004A449B /* Assets.xcassets */; };
		00F3EC2E25070D83004A449B /* Preview Assets.xcassets in Resources */ = {isa = PBXBuildFile; fileRef = 00F3EC2D25070D83004A449B /* Preview Assets.xcassets */; };
		00F3EC3125070D83004A449B /* LaunchScreen.storyboard in Resources */ = {isa = PBXBuildFile; fileRef = 00F3EC2F25070D83004A449B /* LaunchScreen.storyboard */; };
/* End PBXBuildFile section */

/* Begin PBXFileReference section */
		00F3EC2125070D81004A449B /* SwiftUIStackModifier.app */ = {isa = PBXFileReference; explicitFileType = wrapper.application; includeInIndex = 0; path = SwiftUIStackModifier.app; sourceTree = BUILT_PRODUCTS_DIR; };
		00F3EC2425070D81004A449B /* AppDelegate.swift */ = {isa = PBXFileReference; lastKnownFileType = sourcecode.swift; path = AppDelegate.swift; sourceTree = "<group>"; };
		00F3EC2625070D81004A449B /* SceneDelegate.swift */ = {isa = PBXFileReference; lastKnownFileType = sourcecode.swift; path = SceneDelegate.swift; sourceTree = "<group>"; };
		00F3EC2825070D81004A449B /* ContentView.swift */ = {isa = PBXFileReference; lastKnownFileType = sourcecode.swift; path = ContentView.swift; sourceTree = "<group>"; };
		00F3EC2A25070D83004A449B /* Assets.xcassets */ = {isa = PBXFileReference; lastKnownFileType = folder.assetcatalog; path = Assets.xcassets; sourceTree = "<group>"; };
		00F3EC2D25070D83004A449B /* Preview Assets.xcassets */ = {isa = PBXFileReference; lastKnownFileType = folder.assetcatalog; path = "Preview Assets.xcassets"; sourceTree = "<group>"; };
		00F3EC3025070D83004A449B /* Base */ = {isa = PBXFileReference; lastKnownFileType = file.storyboard; name = Base; path = Base.lproj/LaunchScreen.storyboard; sourceTree = "<group>"; };
		00F3EC3225070D83004A449B /* Info.plist */ = {isa = PBXFileReference; lastKnownFileType = text.plist.xml; path = Info.plist; sourceTree = "<group>"; };
/* End PBXFileReference section */

/* Begin PBXFrameworksBuildPhase section */
		00F3EC1E25070D81004A449B /* Frameworks */ = {
			isa = PBXFrameworksBuildPhase;
			buildActionMask = 2147483647;
			files = (
			);
			runOnlyForDeploymentPostprocessing = 0;
		};
/* End PBXFrameworksBuildPhase section */

/* Begin PBXGroup section */
		00F3EC1825070D81004A449B = {
			isa = PBXGroup;
			children = (
				00F3EC2325070D81004A449B /* SwiftUIStackModifier */,
				00F3EC2225070D81004A449B /* Products */,
			);
			sourceTree = "<group>";
		};
		00F3EC2225070D81004A449B /* Products */ = {
			isa = PBXGroup;
			children = (
				00F3EC2125070D81004A449B /* SwiftUIStackModifier.app */,
			);
			name = Products;
			sourceTree = "<group>";
		};
		00F3EC2325070D81004A449B /* SwiftUIStackModifier */ = {
			isa = PBXGroup;
			children = (
				00F3EC2425070D81004A449B /* AppDelegate.swift */,
				00F3EC2625070D81004A449B /* SceneDelegate.swift */,
				00F3EC2825070D81004A449B /* ContentView.swift */,
				00F3EC2A25070D83004A449B /* Assets.xcassets */,
				00F3EC2F25070D83004A449B /* LaunchScreen.storyboard */,
				00F3EC3225070D83004A449B /* Info.plist */,
				00F3EC2C25070D83004A449B /* Preview Content */,
			);
			path = SwiftUIStackModifier;
			sourceTree = "<group>";
		};
		00F3EC2C25070D83004A449B /* Preview Content */ = {
			isa = PBXGroup;
			children = (
				00F3EC2D25070D83004A449B /* Preview Assets.xcassets */,
			);
			path = "Preview Content";
			sourceTree = "<group>";
		};
/* End PBXGroup section */

/* Begin PBXNativeTarget section */
		00F3EC2025070D81004A449B /* SwiftUIStackModifier */ = {
			isa = PBXNativeTarget;
			buildConfigurationList = 00F3EC3525070D83004A449B /* Build configuration list for PBXNativeTarget "SwiftUIStackModifier" */;
			buildPhases = (
				00F3EC1D25070D81004A449B /* Sources */,
				00F3EC1E25070D81004A449B /* Frameworks */,
				00F3EC1F25070D81004A449B /* Resources */,
			);
			buildRules = (
			);
			dependencies = (
			);
			name = SwiftUIStackModifier;
			productName = SwiftUIStackModifier;
			productReference = 00F3EC2125070D81004A449B /* SwiftUIStackModifier.app */;
			productType = "com.apple.product-type.application";
		};
/* End PBXNativeTarget section */

/* Begin PBXProject section */
		00F3EC1925070D81004A449B /* Project object */ = {
			isa = PBXProject;
			attributes = {
				LastSwiftUpdateCheck = 1170;
				LastUpgradeCheck = 1170;
				ORGANIZATIONNAME = wook;
				TargetAttributes = {
					00F3EC2025070D81004A449B = {
						CreatedOnToolsVersion = 11.7;
					};
				};
			};
			buildConfigurationList = 00F3EC1C25070D81004A449B /* Build configuration list for PBXProject "SwiftUIStackModifier" */;
			compatibilityVersion = "Xcode 9.3";
			developmentRegion = en;
			hasScannedForEncodings = 0;
			knownRegions = (
				en,
				Base,
			);
			mainGroup = 00F3EC1825070D81004A449B;
			productRefGroup = 00F3EC2225070D81004A449B /* Products */;
			projectDirPath = "";
			projectRoot = "";
			targets = (
				00F3EC2025070D81004A449B /* SwiftUIStackModifier */,
			);
		};
/* End PBXProject section */

/* Begin PBXResourcesBuildPhase section */
		00F3EC1F25070D81004A449B /* Resources */ = {
			isa = PBXResourcesBuildPhase;
			buildActionMask = 2147483647;
			files = (
				00F3EC3125070D83004A449B /* LaunchScreen.storyboard in Resources */,
				00F3EC2E25070D83004A449B /* Preview Assets.xcassets in Resources */,
				00F3EC2B25070D83004A449B /* Assets.xcassets in Resources */,
			);
			runOnlyForDeploymentPostprocessing = 0;
		};
/* End PBXResourcesBuildPhase section */

/* Begin PBXSourcesBuildPhase section */
		00F3EC1D25070D81004A449B /* Sources */ = {
			isa = PBXSourcesBuildPhase;
			buildActionMask = 2147483647;
			files = (
				00F3EC2525070D81004A449B /* AppDelegate.swift in Sources */,
				00F3EC2725070D81004A449B /* SceneDelegate.swift in Sources */,
				00F3EC2925070D81004A449B /* ContentView.swift in Sources */,
			);
			runOnlyForDeploymentPostprocessing = 0;
		};
/* End PBXSourcesBuildPhase section */

/* Begin PBXVariantGroup section */
		00F3EC2F25070D83004A449B /* LaunchScreen.storyboard */ = {
			isa = PBXVariantGroup;
			children = (
				00F3EC3025070D83004A449B /* Base */,
			);
			name = LaunchScreen.storyboard;
			sourceTree = "<group>";
		};
/* End PBXVariantGroup section */

/* Begin XCBuildConfiguration section */
		00F3EC3325070D83004A449B /* Debug */ = {
			isa = XCBuildConfiguration;
			buildSettings = {
				ALWAYS_SEARCH_USER_PATHS = NO;
				CLANG_ANALYZER_NONNULL = YES;
				CLANG_ANALYZER_NUMBER_OBJECT_CONVERSION = YES_AGGRESSIVE;
				CLANG_CXX_LANGUAGE_STANDARD = "gnu++14";
				CLANG_CXX_LIBRARY = "libc++";
				CLANG_ENABLE_MODULES = YES;
				CLANG_ENABLE_OBJC_ARC = YES;
				CLANG_ENABLE_OBJC_WEAK = YES;
				CLANG_WARN_BLOCK_CAPTURE_AUTORELEASING = YES;
				CLANG_WARN_BOOL_CONVERSION = YES;
				CLANG_WARN_COMMA = YES;
				CLANG_WARN_CONSTANT_CONVERSION = YES;
				CLANG_WARN_DEPRECATED_OBJC_IMPLEMENTATIONS = YES;
				CLANG_WARN_DIRECT_OBJC_ISA_USAGE = YES_ERROR;
				CLANG_WARN_DOCUMENTATION_COMMENTS = YES;
				CLANG_WARN_EMPTY_BODY = YES;
				CLANG_WARN_ENUM_CONVERSION = YES;
				CLANG_WARN_INFINITE_RECURSION = YES;
				CLANG_WARN_INT_CONVERSION = YES;
				CLANG_WARN_NON_LITERAL_NULL_CONVERSION = YES;
				CLANG_WARN_OBJC_IMPLICIT_RETAIN_SELF = YES;
				CLANG_WARN_OBJC_LITERAL_CONVERSION = YES;
				CLANG_WARN_OBJC_ROOT_CLASS = YES_ERROR;
				CLANG_WARN_RANGE_LOOP_ANALYSIS = YES;
				CLANG_WARN_STRICT_PROTOTYPES = YES;
				CLANG_WARN_SUSPICIOUS_MOVE = YES;
				CLANG_WARN_UNGUARDED_AVAILABILITY = YES_AGGRESSIVE;
				CLANG_WARN_UNREACHABLE_CODE = YES;
				CLANG_WARN__DUPLICATE_METHOD_MATCH = YES;
				COPY_PHASE_STRIP = NO;
				DEBUG_INFORMATION_FORMAT = dwarf;
				ENABLE_STRICT_OBJC_MSGSEND = YES;
				ENABLE_TESTABILITY = YES;
				GCC_C_LANGUAGE_STANDARD = gnu11;
				GCC_DYNAMIC_NO_PIC = NO;
				GCC_NO_COMMON_BLOCKS = YES;
				GCC_OPTIMIZATION_LEVEL = 0;
				GCC_PREPROCESSOR_DEFINITIONS = (
					"DEBUG=1",
					"$(inherited)",
				);
				GCC_WARN_64_TO_32_BIT_CONVERSION = YES;
				GCC_WARN_ABOUT_RETURN_TYPE = YES_ERROR;
				GCC_WARN_UNDECLARED_SELECTOR = YES;
				GCC_WARN_UNINITIALIZED_AUTOS = YES_AGGRESSIVE;
				GCC_WARN_UNUSED_FUNCTION = YES;
				GCC_WARN_UNUSED_VARIABLE = YES;
				IPHONEOS_DEPLOYMENT_TARGET = 13.7;
				MTL_ENABLE_DEBUG_INFO = INCLUDE_SOURCE;
				MTL_FAST_MATH = YES;
				ONLY_ACTIVE_ARCH = YES;
				SDKROOT = iphoneos;
				SWIFT_ACTIVE_COMPILATION_CONDITIONS = DEBUG;
				SWIFT_OPTIMIZATION_LEVEL = "-Onone";
			};
			name = Debug;
		};
		00F3EC3425070D83004A449B /* Release */ = {
			isa = XCBuildConfiguration;
			buildSettings = {
				ALWAYS_SEARCH_USER_PATHS = NO;
				CLANG_ANALYZER_NONNULL = YES;
				CLANG_ANALYZER_NUMBER_OBJECT_CONVERSION = YES_AGGRESSIVE;
				CLANG_CXX_LANGUAGE_STANDARD = "gnu++14";
				CLANG_CXX_LIBRARY = "libc++";
				CLANG_ENABLE_MODULES = YES;
				CLANG_ENABLE_OBJC_ARC = YES;
				CLANG_ENABLE_OBJC_WEAK = YES;
				CLANG_WARN_BLOCK_CAPTURE_AUTORELEASING = YES;
				CLANG_WARN_BOOL_CONVERSION = YES;
				CLANG_WARN_COMMA = YES;
				CLANG_WARN_CONSTANT_CONVERSION = YES;
				CLANG_WARN_DEPRECATED_OBJC_IMPLEMENTATIONS = YES;
				CLANG_WARN_DIRECT_OBJC_ISA_USAGE = YES_ERROR;
				CLANG_WARN_DOCUMENTATION_COMMENTS = YES;
				CLANG_WARN_EMPTY_BODY = YES;
				CLANG_WARN_ENUM_CONVERSION = YES;
				CLANG_WARN_INFINITE_RECURSION = YES;
				CLANG_WARN_INT_CONVERSION = YES;
				CLANG_WARN_NON_LITERAL_NULL_CONVERSION = YES;
				CLANG_WARN_OBJC_IMPLICIT_RETAIN_SELF = YES;
				CLANG_WARN_OBJC_LITERAL_CONVERSION = YES;
				CLANG_WARN_OBJC_ROOT_CLASS = YES_ERROR;
				CLANG_WARN_RANGE_LOOP_ANALYSIS = YES;
				CLANG_WARN_STRICT_PROTOTYPES = YES;
				CLANG_WARN_SUSPICIOUS_MOVE = YES;
				CLANG_WARN_UNGUARDED_AVAILABILITY = YES_AGGRESSIVE;
				CLANG_WARN_UNREACHABLE_CODE = YES;
				CLANG_WARN__DUPLICATE_METHOD_MATCH = YES;
				COPY_PHASE_STRIP = NO;
				DEBUG_INFORMATION_FORMAT = "dwarf-with-dsym";
				ENABLE_NS_ASSERTIONS = NO;
				ENABLE_STRICT_OBJC_MSGSEND = YES;
				GCC_C_LANGUAGE_STANDARD = gnu11;
				GCC_NO_COMMON_BLOCKS = YES;
				GCC_WARN_64_TO_32_BIT_CONVERSION = YES;
				GCC_WARN_ABOUT_RETURN_TYPE = YES_ERROR;
				GCC_WARN_UNDECLARED_SELECTOR = YES;
				GCC_WARN_UNINITIALIZED_AUTOS = YES_AGGRESSIVE;
				GCC_WARN_UNUSED_FUNCTION = YES;
				GCC_WARN_UNUSED_VARIABLE = YES;
				IPHONEOS_DEPLOYMENT_TARGET = 13.7;
				MTL_ENABLE_DEBUG_INFO = NO;
				MTL_FAST_MATH = YES;
				SDKROOT = iphoneos;
				SWIFT_COMPILATION_MODE = wholemodule;
				SWIFT_OPTIMIZATION_LEVEL = "-O";
				VALIDATE_PRODUCT = YES;
			};
			name = Release;
		};
		00F3EC3625070D83004A449B /* Debug */ = {
			isa = XCBuildConfiguration;
			buildSettings = {
				ASSETCATALOG_COMPILER_APPICON_NAME = AppIcon;
				CODE_SIGN_STYLE = Automatic;
				DEVELOPMENT_ASSET_PATHS = "\"SwiftUIStackModifier/Preview Content\"";
				DEVELOPMENT_TEAM = ATSSYJGN7N;
				ENABLE_PREVIEWS = YES;
				INFOPLIST_FILE = SwiftUIStackModifier/Info.plist;
				LD_RUNPATH_SEARCH_PATHS = (
					"$(inherited)",
					"@executable_path/Frameworks",
				);
				PRODUCT_BUNDLE_IDENTIFIER = com.owl.memo.SwiftUIStackModifier;
				PRODUCT_NAME = "$(TARGET_NAME)";
				SWIFT_VERSION = 5.0;
				TARGETED_DEVICE_FAMILY = "1,2";
			};
			name = Debug;
		};
		00F3EC3725070D83004A449B /* Release */ = {
			isa = XCBuildConfiguration;
			buildSettings = {
				ASSETCATALOG_COMPILER_APPICON_NAME = AppIcon;
				CODE_SIGN_STYLE = Automatic;
				DEVELOPMENT_ASSET_PATHS = "\"SwiftUIStackModifier/Preview Content\"";
				DEVELOPMENT_TEAM = ATSSYJGN7N;
				ENABLE_PREVIEWS = YES;
				INFOPLIST_FILE = SwiftUIStackModifier/Info.plist;
				LD_RUNPATH_SEARCH_PATHS = (
					"$(inherited)",
					"@executable_path/Frameworks",
				);
				PRODUCT_BUNDLE_IDENTIFIER = com.owl.memo.SwiftUIStackModifier;
				PRODUCT_NAME = "$(TARGET_NAME)";
				SWIFT_VERSION = 5.0;
				TARGETED_DEVICE_FAMILY = "1,2";
			};
			name = Release;
		};
/* End XCBuildConfiguration section */

/* Begin XCConfigurationList section */
		00F3EC1C25070D81004A449B /* Build configuration list for PBXProject "SwiftUIStackModifier" */ = {
			isa = XCConfigurationList;
			buildConfigurations = (
				00F3EC3325070D83004A449B /* Debug */,
				00F3EC3425070D83004A449B /* Release */,
			);
			defaultConfigurationIsVisible = 0;
			defaultConfigurationName = Release;
		};
		00F3EC3525070D83004A449B /* Build configuration list for PBXNativeTarget "SwiftUIStackModifier" */ = {
			isa = XCConfigurationList;
			buildConfigurations = (
				00F3EC3625070D83004A449B /* Debug */,
				00F3EC3725070D83004A449B /* Release */,
			);
			defaultConfigurationIsVisible = 0;
			defaultConfigurationName = Release;
		};
/* End XCConfigurationList section */
	};
	rootObject = 00F3EC1925070D81004A449B /* Project object */;
}
