// !$*UTF8*$!
{
	archiveVersion = 1;
	classes = {
	};
	objectVersion = 50;
	objects = {

/* Begin PBXBuildFile section */
		001688CC25026A7A00953C1B /* AppDelegate.swift in Sources */ = {isa = PBXBuildFile; fileRef = 001688CB25026A7A00953C1B /* AppDelegate.swift */; };
		001688CE25026A7A00953C1B /* SceneDelegate.swift in Sources */ = {isa = PBXBuildFile; fileRef = 001688CD25026A7A00953C1B /* SceneDelegate.swift */; };
		001688D025026A7A00953C1B /* ContentView.swift in Sources */ = {isa = PBXBuildFile; fileRef = 001688CF25026A7A00953C1B /* ContentView.swift */; };
		001688D225026A7B00953C1B /* Assets.xcassets in Resources */ = {isa = PBXBuildFile; fileRef = 001688D125026A7B00953C1B /* Assets.xcassets */; };
		001688D525026A7B00953C1B /* Preview Assets.xcassets in Resources */ = {isa = PBXBuildFile; fileRef = 001688D425026A7B00953C1B /* Preview Assets.xcassets */; };
		001688D825026A7B00953C1B /* LaunchScreen.storyboard in Resources */ = {isa = PBXBuildFile; fileRef = 001688D625026A7B00953C1B /* LaunchScreen.storyboard */; };
/* End PBXBuildFile section */

/* Begin PBXFileReference section */
		001688C825026A7A00953C1B /* SwiftUIRenderingMode.app */ = {isa = PBXFileReference; explicitFileType = wrapper.application; includeInIndex = 0; path = SwiftUIRenderingMode.app; sourceTree = BUILT_PRODUCTS_DIR; };
		001688CB25026A7A00953C1B /* AppDelegate.swift */ = {isa = PBXFileReference; lastKnownFileType = sourcecode.swift; path = AppDelegate.swift; sourceTree = "<group>"; };
		001688CD25026A7A00953C1B /* SceneDelegate.swift */ = {isa = PBXFileReference; lastKnownFileType = sourcecode.swift; path = SceneDelegate.swift; sourceTree = "<group>"; };
		001688CF25026A7A00953C1B /* ContentView.swift */ = {isa = PBXFileReference; lastKnownFileType = sourcecode.swift; path = ContentView.swift; sourceTree = "<group>"; };
		001688D125026A7B00953C1B /* Assets.xcassets */ = {isa = PBXFileReference; lastKnownFileType = folder.assetcatalog; path = Assets.xcassets; sourceTree = "<group>"; };
		001688D425026A7B00953C1B /* Preview Assets.xcassets */ = {isa = PBXFileReference; lastKnownFileType = folder.assetcatalog; path = "Preview Assets.xcassets"; sourceTree = "<group>"; };
		001688D725026A7B00953C1B /* Base */ = {isa = PBXFileReference; lastKnownFileType = file.storyboard; name = Base; path = Base.lproj/LaunchScreen.storyboard; sourceTree = "<group>"; };
		001688D925026A7B00953C1B /* Info.plist */ = {isa = PBXFileReference; lastKnownFileType = text.plist.xml; path = Info.plist; sourceTree = "<group>"; };
/* End PBXFileReference section */

/* Begin PBXFrameworksBuildPhase section */
		001688C525026A7A00953C1B /* Frameworks */ = {
			isa = PBXFrameworksBuildPhase;
			buildActionMask = 2147483647;
			files = (
			);
			runOnlyForDeploymentPostprocessing = 0;
		};
/* End PBXFrameworksBuildPhase section */

/* Begin PBXGroup section */
		001688BF25026A7A00953C1B = {
			isa = PBXGroup;
			children = (
				001688CA25026A7A00953C1B /* SwiftUIRenderingMode */,
				001688C925026A7A00953C1B /* Products */,
			);
			sourceTree = "<group>";
		};
		001688C925026A7A00953C1B /* Products */ = {
			isa = PBXGroup;
			children = (
				001688C825026A7A00953C1B /* SwiftUIRenderingMode.app */,
			);
			name = Products;
			sourceTree = "<group>";
		};
		001688CA25026A7A00953C1B /* SwiftUIRenderingMode */ = {
			isa = PBXGroup;
			children = (
				001688CB25026A7A00953C1B /* AppDelegate.swift */,
				001688CD25026A7A00953C1B /* SceneDelegate.swift */,
				001688CF25026A7A00953C1B /* ContentView.swift */,
				001688D125026A7B00953C1B /* Assets.xcassets */,
				001688D625026A7B00953C1B /* LaunchScreen.storyboard */,
				001688D925026A7B00953C1B /* Info.plist */,
				001688D325026A7B00953C1B /* Preview Content */,
			);
			path = SwiftUIRenderingMode;
			sourceTree = "<group>";
		};
		001688D325026A7B00953C1B /* Preview Content */ = {
			isa = PBXGroup;
			children = (
				001688D425026A7B00953C1B /* Preview Assets.xcassets */,
			);
			path = "Preview Content";
			sourceTree = "<group>";
		};
/* End PBXGroup section */

/* Begin PBXNativeTarget section */
		001688C725026A7A00953C1B /* SwiftUIRenderingMode */ = {
			isa = PBXNativeTarget;
			buildConfigurationList = 001688DC25026A7B00953C1B /* Build configuration list for PBXNativeTarget "SwiftUIRenderingMode" */;
			buildPhases = (
				001688C425026A7A00953C1B /* Sources */,
				001688C525026A7A00953C1B /* Frameworks */,
				001688C625026A7A00953C1B /* Resources */,
			);
			buildRules = (
			);
			dependencies = (
			);
			name = SwiftUIRenderingMode;
			productName = SwiftUIRenderingMode;
			productReference = 001688C825026A7A00953C1B /* SwiftUIRenderingMode.app */;
			productType = "com.apple.product-type.application";
		};
/* End PBXNativeTarget section */

/* Begin PBXProject section */
		001688C025026A7A00953C1B /* Project object */ = {
			isa = PBXProject;
			attributes = {
				LastSwiftUpdateCheck = 1160;
				LastUpgradeCheck = 1160;
				ORGANIZATIONNAME = wook;
				TargetAttributes = {
					001688C725026A7A00953C1B = {
						CreatedOnToolsVersion = 11.6;
					};
				};
			};
			buildConfigurationList = 001688C325026A7A00953C1B /* Build configuration list for PBXProject "SwiftUIRenderingMode" */;
			compatibilityVersion = "Xcode 9.3";
			developmentRegion = en;
			hasScannedForEncodings = 0;
			knownRegions = (
				en,
				Base,
			);
			mainGroup = 001688BF25026A7A00953C1B;
			productRefGroup = 001688C925026A7A00953C1B /* Products */;
			projectDirPath = "";
			projectRoot = "";
			targets = (
				001688C725026A7A00953C1B /* SwiftUIRenderingMode */,
			);
		};
/* End PBXProject section */

/* Begin PBXResourcesBuildPhase section */
		001688C625026A7A00953C1B /* Resources */ = {
			isa = PBXResourcesBuildPhase;
			buildActionMask = 2147483647;
			files = (
				001688D825026A7B00953C1B /* LaunchScreen.storyboard in Resources */,
				001688D525026A7B00953C1B /* Preview Assets.xcassets in Resources */,
				001688D225026A7B00953C1B /* Assets.xcassets in Resources */,
			);
			runOnlyForDeploymentPostprocessing = 0;
		};
/* End PBXResourcesBuildPhase section */

/* Begin PBXSourcesBuildPhase section */
		001688C425026A7A00953C1B /* Sources */ = {
			isa = PBXSourcesBuildPhase;
			buildActionMask = 2147483647;
			files = (
				001688CC25026A7A00953C1B /* AppDelegate.swift in Sources */,
				001688CE25026A7A00953C1B /* SceneDelegate.swift in Sources */,
				001688D025026A7A00953C1B /* ContentView.swift in Sources */,
			);
			runOnlyForDeploymentPostprocessing = 0;
		};
/* End PBXSourcesBuildPhase section */

/* Begin PBXVariantGroup section */
		001688D625026A7B00953C1B /* LaunchScreen.storyboard */ = {
			isa = PBXVariantGroup;
			children = (
				001688D725026A7B00953C1B /* Base */,
			);
			name = LaunchScreen.storyboard;
			sourceTree = "<group>";
		};
/* End PBXVariantGroup section */

/* Begin XCBuildConfiguration section */
		001688DA25026A7B00953C1B /* Debug */ = {
			isa = XCBuildConfiguration;
			buildSettings = {
				ALWAYS_SEARCH_USER_PATHS = NO;
				CLANG_ANALYZER_NONNULL = YES;
				CLANG_ANALYZER_NUMBER_OBJECT_CONVERSION = YES_AGGRESSIVE;
				CLANG_CXX_LANGUAGE_STANDARD = "gnu++14";
				CLANG_CXX_LIBRARY = "libc++";
				CLANG_ENABLE_MODULES = YES;
				CLANG_ENABLE_OBJC_ARC = YES;
				CLANG_ENABLE_OBJC_WEAK = YES;
				CLANG_WARN_BLOCK_CAPTURE_AUTORELEASING = YES;
				CLANG_WARN_BOOL_CONVERSION = YES;
				CLANG_WARN_COMMA = YES;
				CLANG_WARN_CONSTANT_CONVERSION = YES;
				CLANG_WARN_DEPRECATED_OBJC_IMPLEMENTATIONS = YES;
				CLANG_WARN_DIRECT_OBJC_ISA_USAGE = YES_ERROR;
				CLANG_WARN_DOCUMENTATION_COMMENTS = YES;
				CLANG_WARN_EMPTY_BODY = YES;
				CLANG_WARN_ENUM_CONVERSION = YES;
				CLANG_WARN_INFINITE_RECURSION = YES;
				CLANG_WARN_INT_CONVERSION = YES;
				CLANG_WARN_NON_LITERAL_NULL_CONVERSION = YES;
				CLANG_WARN_OBJC_IMPLICIT_RETAIN_SELF = YES;
				CLANG_WARN_OBJC_LITERAL_CONVERSION = YES;
				CLANG_WARN_OBJC_ROOT_CLASS = YES_ERROR;
				CLANG_WARN_RANGE_LOOP_ANALYSIS = YES;
				CLANG_WARN_STRICT_PROTOTYPES = YES;
				CLANG_WARN_SUSPICIOUS_MOVE = YES;
				CLANG_WARN_UNGUARDED_AVAILABILITY = YES_AGGRESSIVE;
				CLANG_WARN_UNREACHABLE_CODE = YES;
				CLANG_WARN__DUPLICATE_METHOD_MATCH = YES;
				COPY_PHASE_STRIP = NO;
				DEBUG_INFORMATION_FORMAT = dwarf;
				ENABLE_STRICT_OBJC_MSGSEND = YES;
				ENABLE_TESTABILITY = YES;
				GCC_C_LANGUAGE_STANDARD = gnu11;
				GCC_DYNAMIC_NO_PIC = NO;
				GCC_NO_COMMON_BLOCKS = YES;
				GCC_OPTIMIZATION_LEVEL = 0;
				GCC_PREPROCESSOR_DEFINITIONS = (
					"DEBUG=1",
					"$(inherited)",
				);
				GCC_WARN_64_TO_32_BIT_CONVERSION = YES;
				GCC_WARN_ABOUT_RETURN_TYPE = YES_ERROR;
				GCC_WARN_UNDECLARED_SELECTOR = YES;
				GCC_WARN_UNINITIALIZED_AUTOS = YES_AGGRESSIVE;
				GCC_WARN_UNUSED_FUNCTION = YES;
				GCC_WARN_UNUSED_VARIABLE = YES;
				IPHONEOS_DEPLOYMENT_TARGET = 13.6;
				MTL_ENABLE_DEBUG_INFO = INCLUDE_SOURCE;
				MTL_FAST_MATH = YES;
				ONLY_ACTIVE_ARCH = YES;
				SDKROOT = iphoneos;
				SWIFT_ACTIVE_COMPILATION_CONDITIONS = DEBUG;
				SWIFT_OPTIMIZATION_LEVEL = "-Onone";
			};
			name = Debug;
		};
		001688DB25026A7B00953C1B /* Release */ = {
			isa = XCBuildConfiguration;
			buildSettings = {
				ALWAYS_SEARCH_USER_PATHS = NO;
				CLANG_ANALYZER_NONNULL = YES;
				CLANG_ANALYZER_NUMBER_OBJECT_CONVERSION = YES_AGGRESSIVE;
				CLANG_CXX_LANGUAGE_STANDARD = "gnu++14";
				CLANG_CXX_LIBRARY = "libc++";
				CLANG_ENABLE_MODULES = YES;
				CLANG_ENABLE_OBJC_ARC = YES;
				CLANG_ENABLE_OBJC_WEAK = YES;
				CLANG_WARN_BLOCK_CAPTURE_AUTORELEASING = YES;
				CLANG_WARN_BOOL_CONVERSION = YES;
				CLANG_WARN_COMMA = YES;
				CLANG_WARN_CONSTANT_CONVERSION = YES;
				CLANG_WARN_DEPRECATED_OBJC_IMPLEMENTATIONS = YES;
				CLANG_WARN_DIRECT_OBJC_ISA_USAGE = YES_ERROR;
				CLANG_WARN_DOCUMENTATION_COMMENTS = YES;
				CLANG_WARN_EMPTY_BODY = YES;
				CLANG_WARN_ENUM_CONVERSION = YES;
				CLANG_WARN_INFINITE_RECURSION = YES;
				CLANG_WARN_INT_CONVERSION = YES;
				CLANG_WARN_NON_LITERAL_NULL_CONVERSION = YES;
				CLANG_WARN_OBJC_IMPLICIT_RETAIN_SELF = YES;
				CLANG_WARN_OBJC_LITERAL_CONVERSION = YES;
				CLANG_WARN_OBJC_ROOT_CLASS = YES_ERROR;
				CLANG_WARN_RANGE_LOOP_ANALYSIS = YES;
				CLANG_WARN_STRICT_PROTOTYPES = YES;
				CLANG_WARN_SUSPICIOUS_MOVE = YES;
				CLANG_WARN_UNGUARDED_AVAILABILITY = YES_AGGRESSIVE;
				CLANG_WARN_UNREACHABLE_CODE = YES;
				CLANG_WARN__DUPLICATE_METHOD_MATCH = YES;
				COPY_PHASE_STRIP = NO;
				DEBUG_INFORMATION_FORMAT = "dwarf-with-dsym";
				ENABLE_NS_ASSERTIONS = NO;
				ENABLE_STRICT_OBJC_MSGSEND = YES;
				GCC_C_LANGUAGE_STANDARD = gnu11;
				GCC_NO_COMMON_BLOCKS = YES;
				GCC_WARN_64_TO_32_BIT_CONVERSION = YES;
				GCC_WARN_ABOUT_RETURN_TYPE = YES_ERROR;
				GCC_WARN_UNDECLARED_SELECTOR = YES;
				GCC_WARN_UNINITIALIZED_AUTOS = YES_AGGRESSIVE;
				GCC_WARN_UNUSED_FUNCTION = YES;
				GCC_WARN_UNUSED_VARIABLE = YES;
				IPHONEOS_DEPLOYMENT_TARGET = 13.6;
				MTL_ENABLE_DEBUG_INFO = NO;
				MTL_FAST_MATH = YES;
				SDKROOT = iphoneos;
				SWIFT_COMPILATION_MODE = wholemodule;
				SWIFT_OPTIMIZATION_LEVEL = "-O";
				VALIDATE_PRODUCT = YES;
			};
			name = Release;
		};
		001688DD25026A7B00953C1B /* Debug */ = {
			isa = XCBuildConfiguration;
			buildSettings = {
				ASSETCATALOG_COMPILER_APPICON_NAME = AppIcon;
				CODE_SIGN_STYLE = Automatic;
				DEVELOPMENT_ASSET_PATHS = "\"SwiftUIRenderingMode/Preview Content\"";
				DEVELOPMENT_TEAM = ATSSYJGN7N;
				ENABLE_PREVIEWS = YES;
				INFOPLIST_FILE = SwiftUIRenderingMode/Info.plist;
				LD_RUNPATH_SEARCH_PATHS = (
					"$(inherited)",
					"@executable_path/Frameworks",
				);
				PRODUCT_BUNDLE_IDENTIFIER = com.owl.memo.SwiftUIRenderingMode;
				PRODUCT_NAME = "$(TARGET_NAME)";
				SWIFT_VERSION = 5.0;
				TARGETED_DEVICE_FAMILY = "1,2";
			};
			name = Debug;
		};
		001688DE25026A7B00953C1B /* Release */ = {
			isa = XCBuildConfiguration;
			buildSettings = {
				ASSETCATALOG_COMPILER_APPICON_NAME = AppIcon;
				CODE_SIGN_STYLE = Automatic;
				DEVELOPMENT_ASSET_PATHS = "\"SwiftUIRenderingMode/Preview Content\"";
				DEVELOPMENT_TEAM = ATSSYJGN7N;
				ENABLE_PREVIEWS = YES;
				INFOPLIST_FILE = SwiftUIRenderingMode/Info.plist;
				LD_RUNPATH_SEARCH_PATHS = (
					"$(inherited)",
					"@executable_path/Frameworks",
				);
				PRODUCT_BUNDLE_IDENTIFIER = com.owl.memo.SwiftUIRenderingMode;
				PRODUCT_NAME = "$(TARGET_NAME)";
				SWIFT_VERSION = 5.0;
				TARGETED_DEVICE_FAMILY = "1,2";
			};
			name = Release;
		};
/* End XCBuildConfiguration section */

/* Begin XCConfigurationList section */
		001688C325026A7A00953C1B /* Build configuration list for PBXProject "SwiftUIRenderingMode" */ = {
			isa = XCConfigurationList;
			buildConfigurations = (
				001688DA25026A7B00953C1B /* Debug */,
				001688DB25026A7B00953C1B /* Release */,
			);
			defaultConfigurationIsVisible = 0;
			defaultConfigurationName = Release;
		};
		001688DC25026A7B00953C1B /* Build configuration list for PBXNativeTarget "SwiftUIRenderingMode" */ = {
			isa = XCConfigurationList;
			buildConfigurations = (
				001688DD25026A7B00953C1B /* Debug */,
				001688DE25026A7B00953C1B /* Release */,
			);
			defaultConfigurationIsVisible = 0;
			defaultConfigurationName = Release;
		};
/* End XCConfigurationList section */
	};
	rootObject = 001688C025026A7A00953C1B /* Project object */;
}
