// !$*UTF8*$!
{
	archiveVersion = 1;
	classes = {
	};
	objectVersion = 50;
	objects = {

/* Begin PBXBuildFile section */
		00BDA703251C75B000C7F918 /* AppDelegate.swift in Sources */ = {isa = PBXBuildFile; fileRef = 00BDA702251C75B000C7F918 /* AppDelegate.swift */; };
		00BDA705251C75B000C7F918 /* SceneDelegate.swift in Sources */ = {isa = PBXBuildFile; fileRef = 00BDA704251C75B000C7F918 /* SceneDelegate.swift */; };
		00BDA707251C75B000C7F918 /* ContentView.swift in Sources */ = {isa = PBXBuildFile; fileRef = 00BDA706251C75B000C7F918 /* ContentView.swift */; };
		00BDA709251C75B100C7F918 /* Assets.xcassets in Resources */ = {isa = PBXBuildFile; fileRef = 00BDA708251C75B100C7F918 /* Assets.xcassets */; };
		00BDA70C251C75B100C7F918 /* Preview Assets.xcassets in Resources */ = {isa = PBXBuildFile; fileRef = 00BDA70B251C75B100C7F918 /* Preview Assets.xcassets */; };
		00BDA70F251C75B100C7F918 /* LaunchScreen.storyboard in Resources */ = {isa = PBXBuildFile; fileRef = 00BDA70D251C75B100C7F918 /* LaunchScreen.storyboard */; };
		00BDA71A251C75B100C7F918 /* SwiftUIImageButtonTests.swift in Sources */ = {isa = PBXBuildFile; fileRef = 00BDA719251C75B100C7F918 /* SwiftUIImageButtonTests.swift */; };
		00BDA725251C75B100C7F918 /* SwiftUIImageButtonUITests.swift in Sources */ = {isa = PBXBuildFile; fileRef = 00BDA724251C75B100C7F918 /* SwiftUIImageButtonUITests.swift */; };
		00BDA736251C766A00C7F918 /* SwiftUI.png in Resources */ = {isa = PBXBuildFile; fileRef = 00BDA735251C766A00C7F918 /* SwiftUI.png */; };
/* End PBXBuildFile section */

/* Begin PBXContainerItemProxy section */
		00BDA716251C75B100C7F918 /* PBXContainerItemProxy */ = {
			isa = PBXContainerItemProxy;
			containerPortal = 00BDA6F7251C75B000C7F918 /* Project object */;
			proxyType = 1;
			remoteGlobalIDString = 00BDA6FE251C75B000C7F918;
			remoteInfo = SwiftUIImageButton;
		};
		00BDA721251C75B100C7F918 /* PBXContainerItemProxy */ = {
			isa = PBXContainerItemProxy;
			containerPortal = 00BDA6F7251C75B000C7F918 /* Project object */;
			proxyType = 1;
			remoteGlobalIDString = 00BDA6FE251C75B000C7F918;
			remoteInfo = SwiftUIImageButton;
		};
/* End PBXContainerItemProxy section */

/* Begin PBXFileReference section */
		00BDA6FF251C75B000C7F918 /* SwiftUIImageButton.app */ = {isa = PBXFileReference; explicitFileType = wrapper.application; includeInIndex = 0; path = SwiftUIImageButton.app; sourceTree = BUILT_PRODUCTS_DIR; };
		00BDA702251C75B000C7F918 /* AppDelegate.swift */ = {isa = PBXFileReference; lastKnownFileType = sourcecode.swift; path = AppDelegate.swift; sourceTree = "<group>"; };
		00BDA704251C75B000C7F918 /* SceneDelegate.swift */ = {isa = PBXFileReference; lastKnownFileType = sourcecode.swift; path = SceneDelegate.swift; sourceTree = "<group>"; };
		00BDA706251C75B000C7F918 /* ContentView.swift */ = {isa = PBXFileReference; lastKnownFileType = sourcecode.swift; path = ContentView.swift; sourceTree = "<group>"; };
		00BDA708251C75B100C7F918 /* Assets.xcassets */ = {isa = PBXFileReference; lastKnownFileType = folder.assetcatalog; path = Assets.xcassets; sourceTree = "<group>"; };
		00BDA70B251C75B100C7F918 /* Preview Assets.xcassets */ = {isa = PBXFileReference; lastKnownFileType = folder.assetcatalog; path = "Preview Assets.xcassets"; sourceTree = "<group>"; };
		00BDA70E251C75B100C7F918 /* Base */ = {isa = PBXFileReference; lastKnownFileType = file.storyboard; name = Base; path = Base.lproj/LaunchScreen.storyboard; sourceTree = "<group>"; };
		00BDA710251C75B100C7F918 /* Info.plist */ = {isa = PBXFileReference; lastKnownFileType = text.plist.xml; path = Info.plist; sourceTree = "<group>"; };
		00BDA715251C75B100C7F918 /* SwiftUIImageButtonTests.xctest */ = {isa = PBXFileReference; explicitFileType = wrapper.cfbundle; includeInIndex = 0; path = SwiftUIImageButtonTests.xctest; sourceTree = BUILT_PRODUCTS_DIR; };
		00BDA719251C75B100C7F918 /* SwiftUIImageButtonTests.swift */ = {isa = PBXFileReference; lastKnownFileType = sourcecode.swift; path = SwiftUIImageButtonTests.swift; sourceTree = "<group>"; };
		00BDA71B251C75B100C7F918 /* Info.plist */ = {isa = PBXFileReference; lastKnownFileType = text.plist.xml; path = Info.plist; sourceTree = "<group>"; };
		00BDA720251C75B100C7F918 /* SwiftUIImageButtonUITests.xctest */ = {isa = PBXFileReference; explicitFileType = wrapper.cfbundle; includeInIndex = 0; path = SwiftUIImageButtonUITests.xctest; sourceTree = BUILT_PRODUCTS_DIR; };
		00BDA724251C75B100C7F918 /* SwiftUIImageButtonUITests.swift */ = {isa = PBXFileReference; lastKnownFileType = sourcecode.swift; path = SwiftUIImageButtonUITests.swift; sourceTree = "<group>"; };
		00BDA726251C75B100C7F918 /* Info.plist */ = {isa = PBXFileReference; lastKnownFileType = text.plist.xml; path = Info.plist; sourceTree = "<group>"; };
		00BDA735251C766A00C7F918 /* SwiftUI.png */ = {isa = PBXFileReference; lastKnownFileType = image.png; path = SwiftUI.png; sourceTree = "<group>"; };
/* End PBXFileReference section */

/* Begin PBXFrameworksBuildPhase section */
		00BDA6FC251C75B000C7F918 /* Frameworks */ = {
			isa = PBXFrameworksBuildPhase;
			buildActionMask = 2147483647;
			files = (
			);
			runOnlyForDeploymentPostprocessing = 0;
		};
		00BDA712251C75B100C7F918 /* Frameworks */ = {
			isa = PBXFrameworksBuildPhase;
			buildActionMask = 2147483647;
			files = (
			);
			runOnlyForDeploymentPostprocessing = 0;
		};
		00BDA71D251C75B100C7F918 /* Frameworks */ = {
			isa = PBXFrameworksBuildPhase;
			buildActionMask = 2147483647;
			files = (
			);
			runOnlyForDeploymentPostprocessing = 0;
		};
/* End PBXFrameworksBuildPhase section */

/* Begin PBXGroup section */
		00BDA6F6251C75B000C7F918 = {
			isa = PBXGroup;
			children = (
				00BDA701251C75B000C7F918 /* SwiftUIImageButton */,
				00BDA718251C75B100C7F918 /* SwiftUIImageButtonTests */,
				00BDA723251C75B100C7F918 /* SwiftUIImageButtonUITests */,
				00BDA700251C75B000C7F918 /* Products */,
			);
			sourceTree = "<group>";
		};
		00BDA700251C75B000C7F918 /* Products */ = {
			isa = PBXGroup;
			children = (
				00BDA6FF251C75B000C7F918 /* SwiftUIImageButton.app */,
				00BDA715251C75B100C7F918 /* SwiftUIImageButtonTests.xctest */,
				00BDA720251C75B100C7F918 /* SwiftUIImageButtonUITests.xctest */,
			);
			name = Products;
			sourceTree = "<group>";
		};
		00BDA701251C75B000C7F918 /* SwiftUIImageButton */ = {
			isa = PBXGroup;
			children = (
				00BDA702251C75B000C7F918 /* AppDelegate.swift */,
				00BDA704251C75B000C7F918 /* SceneDelegate.swift */,
				00BDA706251C75B000C7F918 /* ContentView.swift */,
				00BDA708251C75B100C7F918 /* Assets.xcassets */,
				00BDA735251C766A00C7F918 /* SwiftUI.png */,
				00BDA70D251C75B100C7F918 /* LaunchScreen.storyboard */,
				00BDA710251C75B100C7F918 /* Info.plist */,
				00BDA70A251C75B100C7F918 /* Preview Content */,
			);
			path = SwiftUIImageButton;
			sourceTree = "<group>";
		};
		00BDA70A251C75B100C7F918 /* Preview Content */ = {
			isa = PBXGroup;
			children = (
				00BDA70B251C75B100C7F918 /* Preview Assets.xcassets */,
			);
			path = "Preview Content";
			sourceTree = "<group>";
		};
		00BDA718251C75B100C7F918 /* SwiftUIImageButtonTests */ = {
			isa = PBXGroup;
			children = (
				00BDA719251C75B100C7F918 /* SwiftUIImageButtonTests.swift */,
				00BDA71B251C75B100C7F918 /* Info.plist */,
			);
			path = SwiftUIImageButtonTests;
			sourceTree = "<group>";
		};
		00BDA723251C75B100C7F918 /* SwiftUIImageButtonUITests */ = {
			isa = PBXGroup;
			children = (
				00BDA724251C75B100C7F918 /* SwiftUIImageButtonUITests.swift */,
				00BDA726251C75B100C7F918 /* Info.plist */,
			);
			path = SwiftUIImageButtonUITests;
			sourceTree = "<group>";
		};
/* End PBXGroup section */

/* Begin PBXNativeTarget section */
		00BDA6FE251C75B000C7F918 /* SwiftUIImageButton */ = {
			isa = PBXNativeTarget;
			buildConfigurationList = 00BDA729251C75B100C7F918 /* Build configuration list for PBXNativeTarget "SwiftUIImageButton" */;
			buildPhases = (
				00BDA6FB251C75B000C7F918 /* Sources */,
				00BDA6FC251C75B000C7F918 /* Frameworks */,
				00BDA6FD251C75B000C7F918 /* Resources */,
			);
			buildRules = (
			);
			dependencies = (
			);
			name = SwiftUIImageButton;
			productName = SwiftUIImageButton;
			productReference = 00BDA6FF251C75B000C7F918 /* SwiftUIImageButton.app */;
			productType = "com.apple.product-type.application";
		};
		00BDA714251C75B100C7F918 /* SwiftUIImageButtonTests */ = {
			isa = PBXNativeTarget;
			buildConfigurationList = 00BDA72C251C75B100C7F918 /* Build configuration list for PBXNativeTarget "SwiftUIImageButtonTests" */;
			buildPhases = (
				00BDA711251C75B100C7F918 /* Sources */,
				00BDA712251C75B100C7F918 /* Frameworks */,
				00BDA713251C75B100C7F918 /* Resources */,
			);
			buildRules = (
			);
			dependencies = (
				00BDA717251C75B100C7F918 /* PBXTargetDependency */,
			);
			name = SwiftUIImageButtonTests;
			productName = SwiftUIImageButtonTests;
			productReference = 00BDA715251C75B100C7F918 /* SwiftUIImageButtonTests.xctest */;
			productType = "com.apple.product-type.bundle.unit-test";
		};
		00BDA71F251C75B100C7F918 /* SwiftUIImageButtonUITests */ = {
			isa = PBXNativeTarget;
			buildConfigurationList = 00BDA72F251C75B100C7F918 /* Build configuration list for PBXNativeTarget "SwiftUIImageButtonUITests" */;
			buildPhases = (
				00BDA71C251C75B100C7F918 /* Sources */,
				00BDA71D251C75B100C7F918 /* Frameworks */,
				00BDA71E251C75B100C7F918 /* Resources */,
			);
			buildRules = (
			);
			dependencies = (
				00BDA722251C75B100C7F918 /* PBXTargetDependency */,
			);
			name = SwiftUIImageButtonUITests;
			productName = SwiftUIImageButtonUITests;
			productReference = 00BDA720251C75B100C7F918 /* SwiftUIImageButtonUITests.xctest */;
			productType = "com.apple.product-type.bundle.ui-testing";
		};
/* End PBXNativeTarget section */

/* Begin PBXProject section */
		00BDA6F7251C75B000C7F918 /* Project object */ = {
			isa = PBXProject;
			attributes = {
				LastSwiftUpdateCheck = 1200;
				LastUpgradeCheck = 1200;
				TargetAttributes = {
					00BDA6FE251C75B000C7F918 = {
						CreatedOnToolsVersion = 12.0;
					};
					00BDA714251C75B100C7F918 = {
						CreatedOnToolsVersion = 12.0;
						TestTargetID = 00BDA6FE251C75B000C7F918;
					};
					00BDA71F251C75B100C7F918 = {
						CreatedOnToolsVersion = 12.0;
						TestTargetID = 00BDA6FE251C75B000C7F918;
					};
				};
			};
			buildConfigurationList = 00BDA6FA251C75B000C7F918 /* Build configuration list for PBXProject "SwiftUIImageButton" */;
			compatibilityVersion = "Xcode 9.3";
			developmentRegion = en;
			hasScannedForEncodings = 0;
			knownRegions = (
				en,
				Base,
			);
			mainGroup = 00BDA6F6251C75B000C7F918;
			productRefGroup = 00BDA700251C75B000C7F918 /* Products */;
			projectDirPath = "";
			projectRoot = "";
			targets = (
				00BDA6FE251C75B000C7F918 /* SwiftUIImageButton */,
				00BDA714251C75B100C7F918 /* SwiftUIImageButtonTests */,
				00BDA71F251C75B100C7F918 /* SwiftUIImageButtonUITests */,
			);
		};
/* End PBXProject section */

/* Begin PBXResourcesBuildPhase section */
		00BDA6FD251C75B000C7F918 /* Resources */ = {
			isa = PBXResourcesBuildPhase;
			buildActionMask = 2147483647;
			files = (
				00BDA70F251C75B100C7F918 /* LaunchScreen.storyboard in Resources */,
				00BDA736251C766A00C7F918 /* SwiftUI.png in Resources */,
				00BDA70C251C75B100C7F918 /* Preview Assets.xcassets in Resources */,
				00BDA709251C75B100C7F918 /* Assets.xcassets in Resources */,
			);
			runOnlyForDeploymentPostprocessing = 0;
		};
		00BDA713251C75B100C7F918 /* Resources */ = {
			isa = PBXResourcesBuildPhase;
			buildActionMask = 2147483647;
			files = (
			);
			runOnlyForDeploymentPostprocessing = 0;
		};
		00BDA71E251C75B100C7F918 /* Resources */ = {
			isa = PBXResourcesBuildPhase;
			buildActionMask = 2147483647;
			files = (
			);
			runOnlyForDeploymentPostprocessing = 0;
		};
/* End PBXResourcesBuildPhase section */

/* Begin PBXSourcesBuildPhase section */
		00BDA6FB251C75B000C7F918 /* Sources */ = {
			isa = PBXSourcesBuildPhase;
			buildActionMask = 2147483647;
			files = (
				00BDA703251C75B000C7F918 /* AppDelegate.swift in Sources */,
				00BDA705251C75B000C7F918 /* SceneDelegate.swift in Sources */,
				00BDA707251C75B000C7F918 /* ContentView.swift in Sources */,
			);
			runOnlyForDeploymentPostprocessing = 0;
		};
		00BDA711251C75B100C7F918 /* Sources */ = {
			isa = PBXSourcesBuildPhase;
			buildActionMask = 2147483647;
			files = (
				00BDA71A251C75B100C7F918 /* SwiftUIImageButtonTests.swift in Sources */,
			);
			runOnlyForDeploymentPostprocessing = 0;
		};
		00BDA71C251C75B100C7F918 /* Sources */ = {
			isa = PBXSourcesBuildPhase;
			buildActionMask = 2147483647;
			files = (
				00BDA725251C75B100C7F918 /* SwiftUIImageButtonUITests.swift in Sources */,
			);
			runOnlyForDeploymentPostprocessing = 0;
		};
/* End PBXSourcesBuildPhase section */

/* Begin PBXTargetDependency section */
		00BDA717251C75B100C7F918 /* PBXTargetDependency */ = {
			isa = PBXTargetDependency;
			target = 00BDA6FE251C75B000C7F918 /* SwiftUIImageButton */;
			targetProxy = 00BDA716251C75B100C7F918 /* PBXContainerItemProxy */;
		};
		00BDA722251C75B100C7F918 /* PBXTargetDependency */ = {
			isa = PBXTargetDependency;
			target = 00BDA6FE251C75B000C7F918 /* SwiftUIImageButton */;
			targetProxy = 00BDA721251C75B100C7F918 /* PBXContainerItemProxy */;
		};
/* End PBXTargetDependency section */

/* Begin PBXVariantGroup section */
		00BDA70D251C75B100C7F918 /* LaunchScreen.storyboard */ = {
			isa = PBXVariantGroup;
			children = (
				00BDA70E251C75B100C7F918 /* Base */,
			);
			name = LaunchScreen.storyboard;
			sourceTree = "<group>";
		};
/* End PBXVariantGroup section */

/* Begin XCBuildConfiguration section */
		00BDA727251C75B100C7F918 /* Debug */ = {
			isa = XCBuildConfiguration;
			buildSettings = {
				ALWAYS_SEARCH_USER_PATHS = NO;
				CLANG_ANALYZER_NONNULL = YES;
				CLANG_ANALYZER_NUMBER_OBJECT_CONVERSION = YES_AGGRESSIVE;
				CLANG_CXX_LANGUAGE_STANDARD = "gnu++14";
				CLANG_CXX_LIBRARY = "libc++";
				CLANG_ENABLE_MODULES = YES;
				CLANG_ENABLE_OBJC_ARC = YES;
				CLANG_ENABLE_OBJC_WEAK = YES;
				CLANG_WARN_BLOCK_CAPTURE_AUTORELEASING = YES;
				CLANG_WARN_BOOL_CONVERSION = YES;
				CLANG_WARN_COMMA = YES;
				CLANG_WARN_CONSTANT_CONVERSION = YES;
				CLANG_WARN_DEPRECATED_OBJC_IMPLEMENTATIONS = YES;
				CLANG_WARN_DIRECT_OBJC_ISA_USAGE = YES_ERROR;
				CLANG_WARN_DOCUMENTATION_COMMENTS = YES;
				CLANG_WARN_EMPTY_BODY = YES;
				CLANG_WARN_ENUM_CONVERSION = YES;
				CLANG_WARN_INFINITE_RECURSION = YES;
				CLANG_WARN_INT_CONVERSION = YES;
				CLANG_WARN_NON_LITERAL_NULL_CONVERSION = YES;
				CLANG_WARN_OBJC_IMPLICIT_RETAIN_SELF = YES;
				CLANG_WARN_OBJC_LITERAL_CONVERSION = YES;
				CLANG_WARN_OBJC_ROOT_CLASS = YES_ERROR;
				CLANG_WARN_QUOTED_INCLUDE_IN_FRAMEWORK_HEADER = YES;
				CLANG_WARN_RANGE_LOOP_ANALYSIS = YES;
				CLANG_WARN_STRICT_PROTOTYPES = YES;
				CLANG_WARN_SUSPICIOUS_MOVE = YES;
				CLANG_WARN_UNGUARDED_AVAILABILITY = YES_AGGRESSIVE;
				CLANG_WARN_UNREACHABLE_CODE = YES;
				CLANG_WARN__DUPLICATE_METHOD_MATCH = YES;
				COPY_PHASE_STRIP = NO;
				DEBUG_INFORMATION_FORMAT = dwarf;
				ENABLE_STRICT_OBJC_MSGSEND = YES;
				ENABLE_TESTABILITY = YES;
				GCC_C_LANGUAGE_STANDARD = gnu11;
				GCC_DYNAMIC_NO_PIC = NO;
				GCC_NO_COMMON_BLOCKS = YES;
				GCC_OPTIMIZATION_LEVEL = 0;
				GCC_PREPROCESSOR_DEFINITIONS = (
					"DEBUG=1",
					"$(inherited)",
				);
				GCC_WARN_64_TO_32_BIT_CONVERSION = YES;
				GCC_WARN_ABOUT_RETURN_TYPE = YES_ERROR;
				GCC_WARN_UNDECLARED_SELECTOR = YES;
				GCC_WARN_UNINITIALIZED_AUTOS = YES_AGGRESSIVE;
				GCC_WARN_UNUSED_FUNCTION = YES;
				GCC_WARN_UNUSED_VARIABLE = YES;
				IPHONEOS_DEPLOYMENT_TARGET = 14.0;
				MTL_ENABLE_DEBUG_INFO = INCLUDE_SOURCE;
				MTL_FAST_MATH = YES;
				ONLY_ACTIVE_ARCH = YES;
				SDKROOT = iphoneos;
				SWIFT_ACTIVE_COMPILATION_CONDITIONS = DEBUG;
				SWIFT_OPTIMIZATION_LEVEL = "-Onone";
			};
			name = Debug;
		};
		00BDA728251C75B100C7F918 /* Release */ = {
			isa = XCBuildConfiguration;
			buildSettings = {
				ALWAYS_SEARCH_USER_PATHS = NO;
				CLANG_ANALYZER_NONNULL = YES;
				CLANG_ANALYZER_NUMBER_OBJECT_CONVERSION = YES_AGGRESSIVE;
				CLANG_CXX_LANGUAGE_STANDARD = "gnu++14";
				CLANG_CXX_LIBRARY = "libc++";
				CLANG_ENABLE_MODULES = YES;
				CLANG_ENABLE_OBJC_ARC = YES;
				CLANG_ENABLE_OBJC_WEAK = YES;
				CLANG_WARN_BLOCK_CAPTURE_AUTORELEASING = YES;
				CLANG_WARN_BOOL_CONVERSION = YES;
				CLANG_WARN_COMMA = YES;
				CLANG_WARN_CONSTANT_CONVERSION = YES;
				CLANG_WARN_DEPRECATED_OBJC_IMPLEMENTATIONS = YES;
				CLANG_WARN_DIRECT_OBJC_ISA_USAGE = YES_ERROR;
				CLANG_WARN_DOCUMENTATION_COMMENTS = YES;
				CLANG_WARN_EMPTY_BODY = YES;
				CLANG_WARN_ENUM_CONVERSION = YES;
				CLANG_WARN_INFINITE_RECURSION = YES;
				CLANG_WARN_INT_CONVERSION = YES;
				CLANG_WARN_NON_LITERAL_NULL_CONVERSION = YES;
				CLANG_WARN_OBJC_IMPLICIT_RETAIN_SELF = YES;
				CLANG_WARN_OBJC_LITERAL_CONVERSION = YES;
				CLANG_WARN_OBJC_ROOT_CLASS = YES_ERROR;
				CLANG_WARN_QUOTED_INCLUDE_IN_FRAMEWORK_HEADER = YES;
				CLANG_WARN_RANGE_LOOP_ANALYSIS = YES;
				CLANG_WARN_STRICT_PROTOTYPES = YES;
				CLANG_WARN_SUSPICIOUS_MOVE = YES;
				CLANG_WARN_UNGUARDED_AVAILABILITY = YES_AGGRESSIVE;
				CLANG_WARN_UNREACHABLE_CODE = YES;
				CLANG_WARN__DUPLICATE_METHOD_MATCH = YES;
				COPY_PHASE_STRIP = NO;
				DEBUG_INFORMATION_FORMAT = "dwarf-with-dsym";
				ENABLE_NS_ASSERTIONS = NO;
				ENABLE_STRICT_OBJC_MSGSEND = YES;
				GCC_C_LANGUAGE_STANDARD = gnu11;
				GCC_NO_COMMON_BLOCKS = YES;
				GCC_WARN_64_TO_32_BIT_CONVERSION = YES;
				GCC_WARN_ABOUT_RETURN_TYPE = YES_ERROR;
				GCC_WARN_UNDECLARED_SELECTOR = YES;
				GCC_WARN_UNINITIALIZED_AUTOS = YES_AGGRESSIVE;
				GCC_WARN_UNUSED_FUNCTION = YES;
				GCC_WARN_UNUSED_VARIABLE = YES;
				IPHONEOS_DEPLOYMENT_TARGET = 14.0;
				MTL_ENABLE_DEBUG_INFO = NO;
				MTL_FAST_MATH = YES;
				SDKROOT = iphoneos;
				SWIFT_COMPILATION_MODE = wholemodule;
				SWIFT_OPTIMIZATION_LEVEL = "-O";
				VALIDATE_PRODUCT = YES;
			};
			name = Release;
		};
		00BDA72A251C75B100C7F918 /* Debug */ = {
			isa = XCBuildConfiguration;
			buildSettings = {
				ASSETCATALOG_COMPILER_APPICON_NAME = AppIcon;
				ASSETCATALOG_COMPILER_GLOBAL_ACCENT_COLOR_NAME = AccentColor;
				CODE_SIGN_STYLE = Automatic;
				DEVELOPMENT_ASSET_PATHS = "\"SwiftUIImageButton/Preview Content\"";
				DEVELOPMENT_TEAM = ATSSYJGN7N;
				ENABLE_PREVIEWS = YES;
				INFOPLIST_FILE = SwiftUIImageButton/Info.plist;
				LD_RUNPATH_SEARCH_PATHS = (
					"$(inherited)",
					"@executable_path/Frameworks",
				);
				PRODUCT_BUNDLE_IDENTIFIER = com.owl.memo.SwiftUIImageButton;
				PRODUCT_NAME = "$(TARGET_NAME)";
				SWIFT_VERSION = 5.0;
				TARGETED_DEVICE_FAMILY = "1,2";
			};
			name = Debug;
		};
		00BDA72B251C75B100C7F918 /* Release */ = {
			isa = XCBuildConfiguration;
			buildSettings = {
				ASSETCATALOG_COMPILER_APPICON_NAME = AppIcon;
				ASSETCATALOG_COMPILER_GLOBAL_ACCENT_COLOR_NAME = AccentColor;
				CODE_SIGN_STYLE = Automatic;
				DEVELOPMENT_ASSET_PATHS = "\"SwiftUIImageButton/Preview Content\"";
				DEVELOPMENT_TEAM = ATSSYJGN7N;
				ENABLE_PREVIEWS = YES;
				INFOPLIST_FILE = SwiftUIImageButton/Info.plist;
				LD_RUNPATH_SEARCH_PATHS = (
					"$(inherited)",
					"@executable_path/Frameworks",
				);
				PRODUCT_BUNDLE_IDENTIFIER = com.owl.memo.SwiftUIImageButton;
				PRODUCT_NAME = "$(TARGET_NAME)";
				SWIFT_VERSION = 5.0;
				TARGETED_DEVICE_FAMILY = "1,2";
			};
			name = Release;
		};
		00BDA72D251C75B100C7F918 /* Debug */ = {
			isa = XCBuildConfiguration;
			buildSettings = {
				ALWAYS_EMBED_SWIFT_STANDARD_LIBRARIES = YES;
				BUNDLE_LOADER = "$(TEST_HOST)";
				CODE_SIGN_STYLE = Automatic;
				DEVELOPMENT_TEAM = ATSSYJGN7N;
				INFOPLIST_FILE = SwiftUIImageButtonTests/Info.plist;
				IPHONEOS_DEPLOYMENT_TARGET = 14.0;
				LD_RUNPATH_SEARCH_PATHS = (
					"$(inherited)",
					"@executable_path/Frameworks",
					"@loader_path/Frameworks",
				);
				PRODUCT_BUNDLE_IDENTIFIER = com.owl.memo.SwiftUIImageButtonTests;
				PRODUCT_NAME = "$(TARGET_NAME)";
				SWIFT_VERSION = 5.0;
				TARGETED_DEVICE_FAMILY = "1,2";
				TEST_HOST = "$(BUILT_PRODUCTS_DIR)/SwiftUIImageButton.app/SwiftUIImageButton";
			};
			name = Debug;
		};
		00BDA72E251C75B100C7F918 /* Release */ = {
			isa = XCBuildConfiguration;
			buildSettings = {
				ALWAYS_EMBED_SWIFT_STANDARD_LIBRARIES = YES;
				BUNDLE_LOADER = "$(TEST_HOST)";
				CODE_SIGN_STYLE = Automatic;
				DEVELOPMENT_TEAM = ATSSYJGN7N;
				INFOPLIST_FILE = SwiftUIImageButtonTests/Info.plist;
				IPHONEOS_DEPLOYMENT_TARGET = 14.0;
				LD_RUNPATH_SEARCH_PATHS = (
					"$(inherited)",
					"@executable_path/Frameworks",
					"@loader_path/Frameworks",
				);
				PRODUCT_BUNDLE_IDENTIFIER = com.owl.memo.SwiftUIImageButtonTests;
				PRODUCT_NAME = "$(TARGET_NAME)";
				SWIFT_VERSION = 5.0;
				TARGETED_DEVICE_FAMILY = "1,2";
				TEST_HOST = "$(BUILT_PRODUCTS_DIR)/SwiftUIImageButton.app/SwiftUIImageButton";
			};
			name = Release;
		};
		00BDA730251C75B100C7F918 /* Debug */ = {
			isa = XCBuildConfiguration;
			buildSettings = {
				ALWAYS_EMBED_SWIFT_STANDARD_LIBRARIES = YES;
				CODE_SIGN_STYLE = Automatic;
				DEVELOPMENT_TEAM = ATSSYJGN7N;
				INFOPLIST_FILE = SwiftUIImageButtonUITests/Info.plist;
				LD_RUNPATH_SEARCH_PATHS = (
					"$(inherited)",
					"@executable_path/Frameworks",
					"@loader_path/Frameworks",
				);
				PRODUCT_BUNDLE_IDENTIFIER = com.owl.memo.SwiftUIImageButtonUITests;
				PRODUCT_NAME = "$(TARGET_NAME)";
				SWIFT_VERSION = 5.0;
				TARGETED_DEVICE_FAMILY = "1,2";
				TEST_TARGET_NAME = SwiftUIImageButton;
			};
			name = Debug;
		};
		00BDA731251C75B100C7F918 /* Release */ = {
			isa = XCBuildConfiguration;
			buildSettings = {
				ALWAYS_EMBED_SWIFT_STANDARD_LIBRARIES = YES;
				CODE_SIGN_STYLE = Automatic;
				DEVELOPMENT_TEAM = ATSSYJGN7N;
				INFOPLIST_FILE = SwiftUIImageButtonUITests/Info.plist;
				LD_RUNPATH_SEARCH_PATHS = (
					"$(inherited)",
					"@executable_path/Frameworks",
					"@loader_path/Frameworks",
				);
				PRODUCT_BUNDLE_IDENTIFIER = com.owl.memo.SwiftUIImageButtonUITests;
				PRODUCT_NAME = "$(TARGET_NAME)";
				SWIFT_VERSION = 5.0;
				TARGETED_DEVICE_FAMILY = "1,2";
				TEST_TARGET_NAME = SwiftUIImageButton;
			};
			name = Release;
		};
/* End XCBuildConfiguration section */

/* Begin XCConfigurationList section */
		00BDA6FA251C75B000C7F918 /* Build configuration list for PBXProject "SwiftUIImageButton" */ = {
			isa = XCConfigurationList;
			buildConfigurations = (
				00BDA727251C75B100C7F918 /* Debug */,
				00BDA728251C75B100C7F918 /* Release */,
			);
			defaultConfigurationIsVisible = 0;
			defaultConfigurationName = Release;
		};
		00BDA729251C75B100C7F918 /* Build configuration list for PBXNativeTarget "SwiftUIImageButton" */ = {
			isa = XCConfigurationList;
			buildConfigurations = (
				00BDA72A251C75B100C7F918 /* Debug */,
				00BDA72B251C75B100C7F918 /* Release */,
			);
			defaultConfigurationIsVisible = 0;
			defaultConfigurationName = Release;
		};
		00BDA72C251C75B100C7F918 /* Build configuration list for PBXNativeTarget "SwiftUIImageButtonTests" */ = {
			isa = XCConfigurationList;
			buildConfigurations = (
				00BDA72D251C75B100C7F918 /* Debug */,
				00BDA72E251C75B100C7F918 /* Release */,
			);
			defaultConfigurationIsVisible = 0;
			defaultConfigurationName = Release;
		};
		00BDA72F251C75B100C7F918 /* Build configuration list for PBXNativeTarget "SwiftUIImageButtonUITests" */ = {
			isa = XCConfigurationList;
			buildConfigurations = (
				00BDA730251C75B100C7F918 /* Debug */,
				00BDA731251C75B100C7F918 /* Release */,
			);
			defaultConfigurationIsVisible = 0;
			defaultConfigurationName = Release;
		};
/* End XCConfigurationList section */
	};
	rootObject = 00BDA6F7251C75B000C7F918 /* Project object */;
}
